
Microsoft Visual Studio Solution File, Format Version 12.00
# Visual Studio 15
VisualStudioVersion = 15.0.27004.2005
MinimumVisualStudioVersion = 10.0.40219.1
Project("{9A19103F-16F7-4668-BE54-9A1E7A4F7556}") = "Rectotarat", "Rectotarat\Rectotarat.csproj", "{33B6E09A-83BB-48A6-BAA7-8C136FC2D76D}"
EndProject
Project("{FAE04EC0-301F-11D3-BF4B-00C04F79EFBC}") = "UnitTestProject1", "UnitTestProject1\UnitTestProject1.csproj", "{1CCDDC2F-2523-4753-A41F-712EA9652BBD}"
EndProject
Global
	GlobalSection(SolutionConfigurationPlatforms) = preSolution
		Debug|Any CPU = Debug|Any CPU
		Release|Any CPU = Release|Any CPU
	EndGlobalSection
	GlobalSection(ProjectConfigurationPlatforms) = postSolution
		{33B6E09A-83BB-48A6-BAA7-8C136FC2D76D}.Debug|Any CPU.ActiveCfg = Debug|Any CPU
		{33B6E09A-83BB-48A6-BAA7-8C136FC2D76D}.Debug|Any CPU.Build.0 = Debug|Any CPU
		{33B6E09A-83BB-48A6-BAA7-8C136FC2D76D}.Release|Any CPU.ActiveCfg = Release|Any CPU
		{33B6E09A-83BB-48A6-BAA7-8C136FC2D76D}.Release|Any CPU.Build.0 = Release|Any CPU
		{1CCDDC2F-2523-4753-A41F-712EA9652BBD}.Debug|Any CPU.ActiveCfg = Debug|Any CPU
		{1CCDDC2F-2523-4753-A41F-712EA9652BBD}.Debug|Any CPU.Build.0 = Debug|Any CPU
		{1CCDDC2F-2523-4753-A41F-712EA9652BBD}.Release|Any CPU.ActiveCfg = Release|Any CPU
		{1CCDDC2F-2523-4753-A41F-712EA9652BBD}.Release|Any CPU.Build.0 = Release|Any CPU
	EndGlobalSection
	GlobalSection(SolutionProperties) = preSolution
		HideSolutionNode = FALSE
	EndGlobalSection
	GlobalSection(ExtensibilityGlobals) = postSolution
		SolutionGuid = {47BAFF4F-B32F-4522-9678-6B71C7B415ED}
	EndGlobalSection
EndGlobal
